
Microsoft Visual Studio Solution File, Format Version 12.00
# Visual Studio Version 16
VisualStudioVersion = 16.0.29411.108
MinimumVisualStudioVersion = 10.0.40219.1
Project("{FAE04EC0-301F-11D3-BF4B-00C04F79EFBC}") = "ExamPrepration", "ExamPrepration\ExamPrepration.csproj", "{8685DF7C-617A-48DD-9CD6-D38EDBC9B74B}"
EndProject
Global
	GlobalSection(SolutionConfigurationPlatforms) = preSolution
		Debug|Any CPU = Debug|Any CPU
		Release|Any CPU = Release|Any CPU
	EndGlobalSection
	GlobalSection(ProjectConfigurationPlatforms) = postSolution
		{8685DF7C-617A-48DD-9CD6-D38EDBC9B74B}.Debug|Any CPU.ActiveCfg = Debug|Any CPU
		{8685DF7C-617A-48DD-9CD6-D38EDBC9B74B}.Debug|Any CPU.Build.0 = Debug|Any CPU
		{8685DF7C-617A-48DD-9CD6-D38EDBC9B74B}.Release|Any CPU.ActiveCfg = Release|Any CPU
		{8685DF7C-617A-48DD-9CD6-D38EDBC9B74B}.Release|Any CPU.Build.0 = Release|Any CPU
	EndGlobalSection
	GlobalSection(SolutionProperties) = preSolution
		HideSolutionNode = FALSE
	EndGlobalSection
	GlobalSection(ExtensibilityGlobals) = postSolution
		SolutionGuid = {1532735E-31AB-4F96-85E5-AD8BF6B0B362}
	EndGlobalSection
EndGlobal
